
Microsoft Visual Studio Solution File, Format Version 12.00
# Visual Studio Version 17
VisualStudioVersion = 17.6.33815.320
MinimumVisualStudioVersion = 10.0.40219.1
Project("{FAE04EC0-301F-11D3-BF4B-00C04F79EFBC}") = "ListaDeContatosV2", "ListaDeContatos2\ListaDeContatosV2.csproj", "{4BF842C0-E102-4E94-ABEA-C81DA7E43277}"
EndProject
Global
	GlobalSection(SolutionConfigurationPlatforms) = preSolution
		Debug|Any CPU = Debug|Any CPU
		Release|Any CPU = Release|Any CPU
	EndGlobalSection
	GlobalSection(ProjectConfigurationPlatforms) = postSolution
		{4BF842C0-E102-4E94-ABEA-C81DA7E43277}.Debug|Any CPU.ActiveCfg = Debug|Any CPU
		{4BF842C0-E102-4E94-ABEA-C81DA7E43277}.Debug|Any CPU.Build.0 = Debug|Any CPU
		{4BF842C0-E102-4E94-ABEA-C81DA7E43277}.Release|Any CPU.ActiveCfg = Release|Any CPU
		{4BF842C0-E102-4E94-ABEA-C81DA7E43277}.Release|Any CPU.Build.0 = Release|Any CPU
	EndGlobalSection
	GlobalSection(SolutionProperties) = preSolution
		HideSolutionNode = FALSE
	EndGlobalSection
	GlobalSection(ExtensibilityGlobals) = postSolution
		SolutionGuid = {9E668C78-E085-49F8-8300-A393E71EADF1}
	EndGlobalSection
EndGlobal
